{
  "originHash" : "95bd2322b3fbf6e7f037e409d234e52a5c517f9a7ce79a3da4887b693dce2daa",
  "pins" : [
    {
      "identity" : "almextensions",
      "kind" : "remoteSourceControl",
      "location" : "https://github.com/pouriaalmassi/ALMExtensions",
      "state" : {
        "revision" : "f64664a572fee6d1a520ecfaab33ec5c95ff388e",
        "version" : "1.0.0"
      }
    }
  ],
  "version" : 3
}
