{
  "originHash" : "95bd2322b3fbf6e7f037e409d234e52a5c517f9a7ce79a3da4887b693dce2daa",
  "pins" : [
    {
      "identity" : "almextensions",
      "kind" : "remoteSourceControl",
      "location" : "https://github.com/pouriaalmassi/ALMExtensions",
      "state" : {
        "revision" : "d9b48c6804a5061f47f619eb6427f3c09b6110a4",
        "version" : "1.0.5"
      }
    }
  ],
  "version" : 3
}
